<Solution>
  <Configurations>
    <Platform Name="x64" />
    <Platform Name="x86" />
  </Configurations>
  <Project Path="Exo1ConsoleAppCppMultiplicationTable/Exo1ConsoleAppCppMultiplicationTable.vcxproj" Id="50877bc3-d063-4657-9d74-b9be5a0d8ec0" />
  <Project Path="Exo2ConsoleAppCppNotesInTable/Exo2ConsoleAppCppNotesInTable.vcxproj" Id="641de681-f6e2-4f2c-84cc-111c17f9b20a" />
  <Project Path="Exo3ConsoleAppCppNotesInTableUsingFunctions/Exo3ConsoleAppCppNotesInTableUsingFunctions.vcxproj" Id="6d6a9e7d-eae4-498e-b1a6-9cd7dc335e5d" />
</Solution>
